
Microsoft Visual Studio Solution File, Format Version 12.00
# Visual Studio Version 17
VisualStudioVersion = 17.4.33122.133
MinimumVisualStudioVersion = 10.0.40219.1
Project("{9A19103F-16F7-4668-BE54-9A1E7A4F7556}") = "RabbitMqSim", "RabbitMqSim\RabbitMqSim.csproj", "{AF82C7F4-1AC4-4469-8913-C8FE9201B271}"
EndProject
Project("{9A19103F-16F7-4668-BE54-9A1E7A4F7556}") = "STool.Protocol", "STool.Protocol\STool.Protocol.csproj", "{BFFACC05-68D2-41C3-883B-3B9E013D1470}"
EndProject
Project("{9A19103F-16F7-4668-BE54-9A1E7A4F7556}") = "STool.RabbitMQ", "STool.RabbitMQ\STool.RabbitMQ.csproj", "{FA71E9D2-6574-4D3A-B48F-0B4ED991B0D5}"
EndProject
Global
	GlobalSection(SolutionConfigurationPlatforms) = preSolution
		Debug|Any CPU = Debug|Any CPU
		Release|Any CPU = Release|Any CPU
	EndGlobalSection
	GlobalSection(ProjectConfigurationPlatforms) = postSolution
		{AF82C7F4-1AC4-4469-8913-C8FE9201B271}.Debug|Any CPU.ActiveCfg = Debug|Any CPU
		{AF82C7F4-1AC4-4469-8913-C8FE9201B271}.Debug|Any CPU.Build.0 = Debug|Any CPU
		{AF82C7F4-1AC4-4469-8913-C8FE9201B271}.Release|Any CPU.ActiveCfg = Release|Any CPU
		{AF82C7F4-1AC4-4469-8913-C8FE9201B271}.Release|Any CPU.Build.0 = Release|Any CPU
		{BFFACC05-68D2-41C3-883B-3B9E013D1470}.Debug|Any CPU.ActiveCfg = Debug|Any CPU
		{BFFACC05-68D2-41C3-883B-3B9E013D1470}.Debug|Any CPU.Build.0 = Debug|Any CPU
		{BFFACC05-68D2-41C3-883B-3B9E013D1470}.Release|Any CPU.ActiveCfg = Release|Any CPU
		{BFFACC05-68D2-41C3-883B-3B9E013D1470}.Release|Any CPU.Build.0 = Release|Any CPU
		{FA71E9D2-6574-4D3A-B48F-0B4ED991B0D5}.Debug|Any CPU.ActiveCfg = Debug|Any CPU
		{FA71E9D2-6574-4D3A-B48F-0B4ED991B0D5}.Debug|Any CPU.Build.0 = Debug|Any CPU
		{FA71E9D2-6574-4D3A-B48F-0B4ED991B0D5}.Release|Any CPU.ActiveCfg = Release|Any CPU
		{FA71E9D2-6574-4D3A-B48F-0B4ED991B0D5}.Release|Any CPU.Build.0 = Release|Any CPU
	EndGlobalSection
	GlobalSection(SolutionProperties) = preSolution
		HideSolutionNode = FALSE
	EndGlobalSection
	GlobalSection(ExtensibilityGlobals) = postSolution
		SolutionGuid = {3F7E401A-308D-4C05-864A-7D0372440A9C}
	EndGlobalSection
EndGlobal
